
Microsoft Visual Studio Solution File, Format Version 12.00
# Visual Studio Version 17
VisualStudioVersion = 17.14.36408.4 d17.14
MinimumVisualStudioVersion = 10.0.40219.1
Project("{FAE04EC0-301F-11D3-BF4B-00C04F79EFBC}") = "EngineDNet", "EngineDNet\EngineDNet.csproj", "{867C593E-2C02-4AE2-A36E-3C5970F56A64}"
EndProject
Global
	GlobalSection(SolutionConfigurationPlatforms) = preSolution
		Debug|Any CPU = Debug|Any CPU
		Release|Any CPU = Release|Any CPU
	EndGlobalSection
	GlobalSection(ProjectConfigurationPlatforms) = postSolution
		{867C593E-2C02-4AE2-A36E-3C5970F56A64}.Debug|Any CPU.ActiveCfg = Debug|Any CPU
		{867C593E-2C02-4AE2-A36E-3C5970F56A64}.Debug|Any CPU.Build.0 = Debug|Any CPU
		{867C593E-2C02-4AE2-A36E-3C5970F56A64}.Release|Any CPU.ActiveCfg = Release|Any CPU
		{867C593E-2C02-4AE2-A36E-3C5970F56A64}.Release|Any CPU.Build.0 = Release|Any CPU
	EndGlobalSection
	GlobalSection(SolutionProperties) = preSolution
		HideSolutionNode = FALSE
	EndGlobalSection
	GlobalSection(ExtensibilityGlobals) = postSolution
		SolutionGuid = {50490B58-AB65-4CF7-B7B8-B884C96A8DB8}
	EndGlobalSection
EndGlobal
